
Microsoft Visual Studio Solution File, Format Version 12.00
# Visual Studio Version 16
VisualStudioVersion = 16.0.30114.105
MinimumVisualStudioVersion = 10.0.40219.1
Project("{FAE04EC0-301F-11D3-BF4B-00C04F79EFBC}") = "DynamoDbKeygen.Application", "src\DynamoDbKeygen.Application\DynamoDbKeygen.Application.csproj", "{298092AD-7CE0-4ADF-8530-A0A5A50AF013}"
EndProject
Global
	GlobalSection(SolutionConfigurationPlatforms) = preSolution
		Debug|Any CPU = Debug|Any CPU
		Release|Any CPU = Release|Any CPU
	EndGlobalSection
	GlobalSection(SolutionProperties) = preSolution
		HideSolutionNode = FALSE
	EndGlobalSection
	GlobalSection(ProjectConfigurationPlatforms) = postSolution
		{298092AD-7CE0-4ADF-8530-A0A5A50AF013}.Debug|Any CPU.ActiveCfg = Debug|Any CPU
		{298092AD-7CE0-4ADF-8530-A0A5A50AF013}.Debug|Any CPU.Build.0 = Debug|Any CPU
		{298092AD-7CE0-4ADF-8530-A0A5A50AF013}.Release|Any CPU.ActiveCfg = Release|Any CPU
		{298092AD-7CE0-4ADF-8530-A0A5A50AF013}.Release|Any CPU.Build.0 = Release|Any CPU
	EndGlobalSection
	GlobalSection(NestedProjects) = preSolution
		{298092AD-7CE0-4ADF-8530-A0A5A50AF013} = {205EB196-F388-4AE9-83BB-A504C725BA71}
	EndGlobalSection
EndGlobal
